// !$*UTF8*$!
{
	archiveVersion = 1;
	classes = {
	};
	objectVersion = 51;
	objects = {

/* Begin PBXBuildFile section */
		0040915E2624BE9A0098875B /* NotificationsViewController.swift in Sources */ = {isa = PBXBuildFile; fileRef = 0040915D2624BE9A0098875B /* NotificationsViewController.swift */; };
		004091612624C2130098875B /* AlarmRequestTableViewCell.swift in Sources */ = {isa = PBXBuildFile; fileRef = 004091602624C2130098875B /* AlarmRequestTableViewCell.swift */; };
		004091642624C3080098875B /* FriendRequestTableViewCell.swift in Sources */ = {isa = PBXBuildFile; fileRef = 004091632624C3080098875B /* FriendRequestTableViewCell.swift */; };
		004091672624C31C0098875B /* AlarmUpdateTableViewCell.swift in Sources */ = {isa = PBXBuildFile; fileRef = 004091662624C31C0098875B /* AlarmUpdateTableViewCell.swift */; };
		0040916C2624F1840098875B /* FriendUpdateTableViewCell.swift in Sources */ = {isa = PBXBuildFile; fileRef = 0040916B2624F1840098875B /* FriendUpdateTableViewCell.swift */; };
		0040918F262513E70098875B /* AlarmRequestUpdateTableViewCell.swift in Sources */ = {isa = PBXBuildFile; fileRef = 0040918E262513E70098875B /* AlarmRequestUpdateTableViewCell.swift */; };
		063208BE2612393400C22C0A /* ScheduleAlarmDelegate.swift in Sources */ = {isa = PBXBuildFile; fileRef = 063208BD2612393400C22C0A /* ScheduleAlarmDelegate.swift */; };
		063208C126123A8F00C22C0A /* ScheduleAlarm.swift in Sources */ = {isa = PBXBuildFile; fileRef = 063208C026123A8F00C22C0A /* ScheduleAlarm.swift */; };
		0633D49E260D902C004B50FB /* GroupViewController.swift in Sources */ = {isa = PBXBuildFile; fileRef = 0633D49D260D902C004B50FB /* GroupViewController.swift */; };
		0633D4A3260D9088004B50FB /* ProfileViewController.swift in Sources */ = {isa = PBXBuildFile; fileRef = 0633D4A2260D9088004B50FB /* ProfileViewController.swift */; };
		0633D4A6260D9612004B50FB /* ProfileTabIcon.png in Resources */ = {isa = PBXBuildFile; fileRef = 0633D4A5260D9612004B50FB /* ProfileTabIcon.png */; };
		0633D4AA260D9622004B50FB /* HomeTabIcon.png in Resources */ = {isa = PBXBuildFile; fileRef = 0633D4A8260D961F004B50FB /* HomeTabIcon.png */; };
		0633D4AF260D9E37004B50FB /* NotificationAlert.png in Resources */ = {isa = PBXBuildFile; fileRef = 0633D4AE260D9E37004B50FB /* NotificationAlert.png */; };
		0633D4B6260DA2CB004B50FB /* CustomFont-JosefinSansLight.ttf in Resources */ = {isa = PBXBuildFile; fileRef = 0633D4B5260DA2A8004B50FB /* CustomFont-JosefinSansLight.ttf */; };
		0633D4BE260E674D004B50FB /* JosefinSans-VariableFont_wght.ttf in Resources */ = {isa = PBXBuildFile; fileRef = 0633D4BA260DB4AE004B50FB /* JosefinSans-VariableFont_wght.ttf */; };
		0633D4C0260E6752004B50FB /* JosefinSans-Italic-VariableFont_wght.ttf in Resources */ = {isa = PBXBuildFile; fileRef = 0633D4BB260DB4B0004B50FB /* JosefinSans-Italic-VariableFont_wght.ttf */; };
		0633D4D8260E7864004B50FB /* EventPic.png in Resources */ = {isa = PBXBuildFile; fileRef = 0633D4D7260E7864004B50FB /* EventPic.png */; };
		0633D4E0260E7F7B004B50FB /* AlarmTableViewCell.swift in Sources */ = {isa = PBXBuildFile; fileRef = 0633D4DF260E7F7B004B50FB /* AlarmTableViewCell.swift */; };
		0633D500260ED9CA004B50FB /* JosefinSans-Light.ttf in Resources */ = {isa = PBXBuildFile; fileRef = 0633D4FA260ED934004B50FB /* JosefinSans-Light.ttf */; };
		0633D502260ED9CF004B50FB /* JosefinSans-Regular.ttf in Resources */ = {isa = PBXBuildFile; fileRef = 0633D4FE260ED935004B50FB /* JosefinSans-Regular.ttf */; };
		0633D504260ED9DE004B50FB /* JosefinSans-LightItalic.ttf in Resources */ = {isa = PBXBuildFile; fileRef = 0633D4F3260ED931004B50FB /* JosefinSans-LightItalic.ttf */; };
		0633D506260ED9E2004B50FB /* JosefinSans-Bold.ttf in Resources */ = {isa = PBXBuildFile; fileRef = 0633D4F6260ED932004B50FB /* JosefinSans-Bold.ttf */; };
		0633D508260ED9E4004B50FB /* JosefinSans-BoldItalic.ttf in Resources */ = {isa = PBXBuildFile; fileRef = 0633D4F8260ED933004B50FB /* JosefinSans-BoldItalic.ttf */; };
		0633D50A260ED9E6004B50FB /* JosefinSans-ExtraLight.ttf in Resources */ = {isa = PBXBuildFile; fileRef = 0633D4FD260ED935004B50FB /* JosefinSans-ExtraLight.ttf */; };
		0633D50C260ED9E9004B50FB /* JosefinSans-ExtraLightItalic.ttf in Resources */ = {isa = PBXBuildFile; fileRef = 0633D4FF260ED936004B50FB /* JosefinSans-ExtraLightItalic.ttf */; };
		0633D50E260ED9EB004B50FB /* JosefinSans-Italic.ttf in Resources */ = {isa = PBXBuildFile; fileRef = 0633D4F5260ED932004B50FB /* JosefinSans-Italic.ttf */; };
		0633D510260ED9F0004B50FB /* JosefinSans-Medium.ttf in Resources */ = {isa = PBXBuildFile; fileRef = 0633D4F9260ED933004B50FB /* JosefinSans-Medium.ttf */; };
		0633D512260ED9F2004B50FB /* JosefinSans-MediumItalic.ttf in Resources */ = {isa = PBXBuildFile; fileRef = 0633D4FC260ED934004B50FB /* JosefinSans-MediumItalic.ttf */; };
		0633D531260EF714004B50FB /* SettingsTabIcon-2x.png in Resources */ = {isa = PBXBuildFile; fileRef = 0633D528260EF70F004B50FB /* SettingsTabIcon-2x.png */; };
		0633D532260EF715004B50FB /* SettingsTabIcon-3x.png in Resources */ = {isa = PBXBuildFile; fileRef = 0633D529260EF70F004B50FB /* SettingsTabIcon-3x.png */; };
		0633D533260EF715004B50FB /* AlarmTabIcon-1x.png in Resources */ = {isa = PBXBuildFile; fileRef = 0633D52A260EF710004B50FB /* AlarmTabIcon-1x.png */; };
		0633D534260EF715004B50FB /* AlarmsTabIcon-3x.png in Resources */ = {isa = PBXBuildFile; fileRef = 0633D52B260EF710004B50FB /* AlarmsTabIcon-3x.png */; };
		0633D535260EF715004B50FB /* GroupsTabIcon-3x.png in Resources */ = {isa = PBXBuildFile; fileRef = 0633D52C260EF711004B50FB /* GroupsTabIcon-3x.png */; };
		0633D536260EF715004B50FB /* GroupsTabIcon-1x.png in Resources */ = {isa = PBXBuildFile; fileRef = 0633D52D260EF712004B50FB /* GroupsTabIcon-1x.png */; };
		0633D537260EF715004B50FB /* SettingsTabIcon-1x.png in Resources */ = {isa = PBXBuildFile; fileRef = 0633D52E260EF713004B50FB /* SettingsTabIcon-1x.png */; };
		0633D538260EF715004B50FB /* GroupsTabIcon-2x.png in Resources */ = {isa = PBXBuildFile; fileRef = 0633D52F260EF714004B50FB /* GroupsTabIcon-2x.png */; };
		0633D539260EF715004B50FB /* AlarmsTabIcon-2x.png in Resources */ = {isa = PBXBuildFile; fileRef = 0633D530260EF714004B50FB /* AlarmsTabIcon-2x.png */; };
		0633D547260F0115004B50FB /* AddButton-1x.png in Resources */ = {isa = PBXBuildFile; fileRef = 0633D544260F0114004B50FB /* AddButton-1x.png */; };
		0633D548260F0115004B50FB /* AddButton-2x.png in Resources */ = {isa = PBXBuildFile; fileRef = 0633D545260F0115004B50FB /* AddButton-2x.png */; };
		0633D549260F0115004B50FB /* AddButton-3x.png in Resources */ = {isa = PBXBuildFile; fileRef = 0633D546260F0115004B50FB /* AddButton-3x.png */; };
		0659FAB4263615260042DDE1 /* icons8-alarm-50.png in Resources */ = {isa = PBXBuildFile; fileRef = 0659FAB3263615260042DDE1 /* icons8-alarm-50.png */; };
		0659FAB7263617A10042DDE1 /* icons8-swamp-100.png in Resources */ = {isa = PBXBuildFile; fileRef = 0659FAB6263617A10042DDE1 /* icons8-swamp-100.png */; };
		0659FABA263618BC0042DDE1 /* icons8-swamp-50.png in Resources */ = {isa = PBXBuildFile; fileRef = 0659FAB9263618BB0042DDE1 /* icons8-swamp-50.png */; };
		0659FABD26361A7C0042DDE1 /* icons8-iceberg-50.png in Resources */ = {isa = PBXBuildFile; fileRef = 0659FABC26361A7C0042DDE1 /* icons8-iceberg-50.png */; };
		0659FACE2636985A0042DDE1 /* beepboop_icon.png in Resources */ = {isa = PBXBuildFile; fileRef = 0659FACD2636985A0042DDE1 /* beepboop_icon.png */; };
		0659FB0A2636AF930042DDE1 /* beepboop-icon-solidhead (1).png in Resources */ = {isa = PBXBuildFile; fileRef = 0659FB062636AF920042DDE1 /* beepboop-icon-solidhead (1).png */; };
		0659FB0B2636AF930042DDE1 /* beepboop-icon-solidbgbeepboop.png in Resources */ = {isa = PBXBuildFile; fileRef = 0659FB072636AF920042DDE1 /* beepboop-icon-solidbgbeepboop.png */; };
		0659FB0C2636AF930042DDE1 /* beepboop-icon-solidbg-diagonalbeepboop.png in Resources */ = {isa = PBXBuildFile; fileRef = 0659FB082636AF930042DDE1 /* beepboop-icon-solidbg-diagonalbeepboop.png */; };
		0659FB0D2636AF930042DDE1 /* beepboop-icon-pastelbeepboop.png in Resources */ = {isa = PBXBuildFile; fileRef = 0659FB092636AF930042DDE1 /* beepboop-icon-pastelbeepboop.png */; };
		06945660261F984D00450AC8 /* AlarmCustom.swift in Sources */ = {isa = PBXBuildFile; fileRef = 0694565F261F984D00450AC8 /* AlarmCustom.swift */; };
		069456AB2622C10800450AC8 /* UserCustom.swift in Sources */ = {isa = PBXBuildFile; fileRef = 069456AA2622C10800450AC8 /* UserCustom.swift */; };
		069456AE2622D7DE00450AC8 /* VectormetadataButton.png in Resources */ = {isa = PBXBuildFile; fileRef = 069456AD2622D7DE00450AC8 /* VectormetadataButton.png */; };
		069456B12622DB0800450AC8 /* FriendsViewController.swift in Sources */ = {isa = PBXBuildFile; fileRef = 069456B02622DB0800450AC8 /* FriendsViewController.swift */; };
		069456B42622DD7D00450AC8 /* FriendsTableViewCell.swift in Sources */ = {isa = PBXBuildFile; fileRef = 069456B32622DD7D00450AC8 /* FriendsTableViewCell.swift */; };
		069456E12623B67000450AC8 /* AddFriendsIcon.png in Resources */ = {isa = PBXBuildFile; fileRef = 069456E02623B66B00450AC8 /* AddFriendsIcon.png */; };
		0694570E2624194100450AC8 /* ShareToFriendsViewController.swift in Sources */ = {isa = PBXBuildFile; fileRef = 0694570D2624194100450AC8 /* ShareToFriendsViewController.swift */; };
		069457112624199F00450AC8 /* CreateAlarmViewController.swift in Sources */ = {isa = PBXBuildFile; fileRef = 069457102624199F00450AC8 /* CreateAlarmViewController.swift */; };
		0694571426241A7C00450AC8 /* ShareToFriendsTableViewCell.swift in Sources */ = {isa = PBXBuildFile; fileRef = 0694571326241A7C00450AC8 /* ShareToFriendsTableViewCell.swift */; };
		069C638D260F1FD500702623 /* SaveButton.png in Resources */ = {isa = PBXBuildFile; fileRef = 069C638C260F1FD500702623 /* SaveButton.png */; };
		264B12B050DDA7D4F85FAF9C /* Pods_beepboop.framework in Frameworks */ = {isa = PBXBuildFile; fileRef = C651D31FBEFBA4A52DF8FD1F /* Pods_beepboop.framework */; };
		9A2935D626362B5500866B06 /* NavBarGradient.png in Resources */ = {isa = PBXBuildFile; fileRef = 9A2935D526362B5500866B06 /* NavBarGradient.png */; };
		9A29A04B2623DFBE000A5275 /* AddFriendButton.png in Resources */ = {isa = PBXBuildFile; fileRef = 9A29A04A2623DFBE000A5275 /* AddFriendButton.png */; };
		9A29A04E2623E6DD000A5275 /* AddFriendsViewController.swift in Sources */ = {isa = PBXBuildFile; fileRef = 9A29A04D2623E6DD000A5275 /* AddFriendsViewController.swift */; };
		9A53F8202602DB7A00D4711A /* AppDelegate.swift in Sources */ = {isa = PBXBuildFile; fileRef = 9A53F81F2602DB7A00D4711A /* AppDelegate.swift */; };
		9A53F8222602DB7A00D4711A /* SceneDelegate.swift in Sources */ = {isa = PBXBuildFile; fileRef = 9A53F8212602DB7A00D4711A /* SceneDelegate.swift */; };
		9A53F8242602DB7A00D4711A /* HomeViewController.swift in Sources */ = {isa = PBXBuildFile; fileRef = 9A53F8232602DB7A00D4711A /* HomeViewController.swift */; };
		9A53F8272602DB7A00D4711A /* Main.storyboard in Resources */ = {isa = PBXBuildFile; fileRef = 9A53F8252602DB7A00D4711A /* Main.storyboard */; };
		9A53F82A2602DB7A00D4711A /* beepboop.xcdatamodeld in Sources */ = {isa = PBXBuildFile; fileRef = 9A53F8282602DB7A00D4711A /* beepboop.xcdatamodeld */; };
		9A53F82C2602DB7C00D4711A /* Assets.xcassets in Resources */ = {isa = PBXBuildFile; fileRef = 9A53F82B2602DB7C00D4711A /* Assets.xcassets */; };
		9A53F82F2602DB7C00D4711A /* LaunchScreen.storyboard in Resources */ = {isa = PBXBuildFile; fileRef = 9A53F82D2602DB7C00D4711A /* LaunchScreen.storyboard */; };
		9A6F19BC260A7E77005D4E21 /* GoogleService-Info.plist in Resources */ = {isa = PBXBuildFile; fileRef = 9A6F19BB260A7E77005D4E21 /* GoogleService-Info.plist */; };
		9A7F3C0E260A9DF600EEFE41 /* LoginViewController.swift in Sources */ = {isa = PBXBuildFile; fileRef = 9A7F3C0D260A9DF600EEFE41 /* LoginViewController.swift */; };
		9A7F3C12260AA21A00EEFE41 /* SignUpViewController.swift in Sources */ = {isa = PBXBuildFile; fileRef = 9A7F3C11260AA21A00EEFE41 /* SignUpViewController.swift */; };
		9A8AE649260C5E4400181515 /* BeepBoopTitle.png in Resources */ = {isa = PBXBuildFile; fileRef = 9A8AE647260C5E4400181515 /* BeepBoopTitle.png */; };
		9A8AE64A260C5E4400181515 /* LoadingScreenRobot.png in Resources */ = {isa = PBXBuildFile; fileRef = 9A8AE648260C5E4400181515 /* LoadingScreenRobot.png */; };
		9A8AE653260C649200181515 /* LoginButton.png in Resources */ = {isa = PBXBuildFile; fileRef = 9A8AE652260C649200181515 /* LoginButton.png */; };
		9A8AE656260C660600181515 /* SignUpButton.png in Resources */ = {isa = PBXBuildFile; fileRef = 9A8AE655260C660600181515 /* SignUpButton.png */; };
		9AC2E477263616A7008ECAA7 /* GroupTableViewCell.swift in Sources */ = {isa = PBXBuildFile; fileRef = 9AC2E476263616A7008ECAA7 /* GroupTableViewCell.swift */; };
		9AC2E47A26361813008ECAA7 /* GroupCustom.swift in Sources */ = {isa = PBXBuildFile; fileRef = 9AC2E47926361813008ECAA7 /* GroupCustom.swift */; };
		9ADC0E11260E8D80009AD333 /* NavBarBackground.png in Resources */ = {isa = PBXBuildFile; fileRef = 9ADC0E10260E8D80009AD333 /* NavBarBackground.png */; };
		9AE40D3C2624E89900DB47FB /* SendButton.png in Resources */ = {isa = PBXBuildFile; fileRef = 9AE40D3B2624E89900DB47FB /* SendButton.png */; };
		E8BC5F1C2626672900AE496D /* ResponsesTableViewCell.swift in Sources */ = {isa = PBXBuildFile; fileRef = E8BC5F1B2626672900AE496D /* ResponsesTableViewCell.swift */; };
		E8E4A43D26256D7500CE4426 /* AlarmMetadataViewController.swift in Sources */ = {isa = PBXBuildFile; fileRef = E8E4A43C26256D7500CE4426 /* AlarmMetadataViewController.swift */; };
/* End PBXBuildFile section */

/* Begin PBXFileReference section */
		0040915D2624BE9A0098875B /* NotificationsViewController.swift */ = {isa = PBXFileReference; lastKnownFileType = sourcecode.swift; path = NotificationsViewController.swift; sourceTree = "<group>"; };
		004091602624C2130098875B /* AlarmRequestTableViewCell.swift */ = {isa = PBXFileReference; lastKnownFileType = sourcecode.swift; path = AlarmRequestTableViewCell.swift; sourceTree = "<group>"; };
		004091632624C3080098875B /* FriendRequestTableViewCell.swift */ = {isa = PBXFileReference; lastKnownFileType = sourcecode.swift; path = FriendRequestTableViewCell.swift; sourceTree = "<group>"; };
		004091662624C31C0098875B /* AlarmUpdateTableViewCell.swift */ = {isa = PBXFileReference; lastKnownFileType = sourcecode.swift; path = AlarmUpdateTableViewCell.swift; sourceTree = "<group>"; };
		0040916B2624F1840098875B /* FriendUpdateTableViewCell.swift */ = {isa = PBXFileReference; lastKnownFileType = sourcecode.swift; path = FriendUpdateTableViewCell.swift; sourceTree = "<group>"; };
		0040918E262513E70098875B /* AlarmRequestUpdateTableViewCell.swift */ = {isa = PBXFileReference; lastKnownFileType = sourcecode.swift; path = AlarmRequestUpdateTableViewCell.swift; sourceTree = "<group>"; };
		063208BD2612393400C22C0A /* ScheduleAlarmDelegate.swift */ = {isa = PBXFileReference; lastKnownFileType = sourcecode.swift; path = ScheduleAlarmDelegate.swift; sourceTree = "<group>"; };
		063208C026123A8F00C22C0A /* ScheduleAlarm.swift */ = {isa = PBXFileReference; lastKnownFileType = sourcecode.swift; path = ScheduleAlarm.swift; sourceTree = "<group>"; };
		0633D49D260D902C004B50FB /* GroupViewController.swift */ = {isa = PBXFileReference; lastKnownFileType = sourcecode.swift; path = GroupViewController.swift; sourceTree = "<group>"; };
		0633D4A2260D9088004B50FB /* ProfileViewController.swift */ = {isa = PBXFileReference; lastKnownFileType = sourcecode.swift; path = ProfileViewController.swift; sourceTree = "<group>"; };
		0633D4A5260D9612004B50FB /* ProfileTabIcon.png */ = {isa = PBXFileReference; lastKnownFileType = image.png; path = ProfileTabIcon.png; sourceTree = "<group>"; };
		0633D4A8260D961F004B50FB /* HomeTabIcon.png */ = {isa = PBXFileReference; lastKnownFileType = image.png; path = HomeTabIcon.png; sourceTree = "<group>"; };
		0633D4AE260D9E37004B50FB /* NotificationAlert.png */ = {isa = PBXFileReference; lastKnownFileType = image.png; path = NotificationAlert.png; sourceTree = "<group>"; };
		0633D4B5260DA2A8004B50FB /* CustomFont-JosefinSansLight.ttf */ = {isa = PBXFileReference; lastKnownFileType = file; path = "CustomFont-JosefinSansLight.ttf"; sourceTree = "<group>"; };
		0633D4BA260DB4AE004B50FB /* JosefinSans-VariableFont_wght.ttf */ = {isa = PBXFileReference; lastKnownFileType = file; path = "JosefinSans-VariableFont_wght.ttf"; sourceTree = "<group>"; };
		0633D4BB260DB4B0004B50FB /* JosefinSans-Italic-VariableFont_wght.ttf */ = {isa = PBXFileReference; lastKnownFileType = file; path = "JosefinSans-Italic-VariableFont_wght.ttf"; sourceTree = "<group>"; };
		0633D4D7260E7864004B50FB /* EventPic.png */ = {isa = PBXFileReference; lastKnownFileType = image.png; path = EventPic.png; sourceTree = "<group>"; };
		0633D4DF260E7F7B004B50FB /* AlarmTableViewCell.swift */ = {isa = PBXFileReference; lastKnownFileType = sourcecode.swift; name = AlarmTableViewCell.swift; path = beepboop/Controllers/AlarmTableViewCell.swift; sourceTree = SOURCE_ROOT; };
		0633D4F2260ED931004B50FB /* JosefinSans-Thin.ttf */ = {isa = PBXFileReference; lastKnownFileType = file; path = "JosefinSans-Thin.ttf"; sourceTree = "<group>"; };
		0633D4F3260ED931004B50FB /* JosefinSans-LightItalic.ttf */ = {isa = PBXFileReference; lastKnownFileType = file; path = "JosefinSans-LightItalic.ttf"; sourceTree = "<group>"; };
		0633D4F4260ED931004B50FB /* JosefinSans-SemiBoldItalic.ttf */ = {isa = PBXFileReference; lastKnownFileType = file; path = "JosefinSans-SemiBoldItalic.ttf"; sourceTree = "<group>"; };
		0633D4F5260ED932004B50FB /* JosefinSans-Italic.ttf */ = {isa = PBXFileReference; lastKnownFileType = file; path = "JosefinSans-Italic.ttf"; sourceTree = "<group>"; };
		0633D4F6260ED932004B50FB /* JosefinSans-Bold.ttf */ = {isa = PBXFileReference; lastKnownFileType = file; path = "JosefinSans-Bold.ttf"; sourceTree = "<group>"; };
		0633D4F7260ED932004B50FB /* JosefinSans-SemiBold.ttf */ = {isa = PBXFileReference; lastKnownFileType = file; path = "JosefinSans-SemiBold.ttf"; sourceTree = "<group>"; };
		0633D4F8260ED933004B50FB /* JosefinSans-BoldItalic.ttf */ = {isa = PBXFileReference; lastKnownFileType = file; path = "JosefinSans-BoldItalic.ttf"; sourceTree = "<group>"; };
		0633D4F9260ED933004B50FB /* JosefinSans-Medium.ttf */ = {isa = PBXFileReference; lastKnownFileType = file; path = "JosefinSans-Medium.ttf"; sourceTree = "<group>"; };
		0633D4FA260ED934004B50FB /* JosefinSans-Light.ttf */ = {isa = PBXFileReference; lastKnownFileType = file; path = "JosefinSans-Light.ttf"; sourceTree = "<group>"; };
		0633D4FB260ED934004B50FB /* JosefinSans-ThinItalic.ttf */ = {isa = PBXFileReference; lastKnownFileType = file; path = "JosefinSans-ThinItalic.ttf"; sourceTree = "<group>"; };
		0633D4FC260ED934004B50FB /* JosefinSans-MediumItalic.ttf */ = {isa = PBXFileReference; lastKnownFileType = file; path = "JosefinSans-MediumItalic.ttf"; sourceTree = "<group>"; };
		0633D4FD260ED935004B50FB /* JosefinSans-ExtraLight.ttf */ = {isa = PBXFileReference; lastKnownFileType = file; path = "JosefinSans-ExtraLight.ttf"; sourceTree = "<group>"; };
		0633D4FE260ED935004B50FB /* JosefinSans-Regular.ttf */ = {isa = PBXFileReference; lastKnownFileType = file; path = "JosefinSans-Regular.ttf"; sourceTree = "<group>"; };
		0633D4FF260ED936004B50FB /* JosefinSans-ExtraLightItalic.ttf */ = {isa = PBXFileReference; lastKnownFileType = file; path = "JosefinSans-ExtraLightItalic.ttf"; sourceTree = "<group>"; };
		0633D528260EF70F004B50FB /* SettingsTabIcon-2x.png */ = {isa = PBXFileReference; lastKnownFileType = image.png; path = "SettingsTabIcon-2x.png"; sourceTree = "<group>"; };
		0633D529260EF70F004B50FB /* SettingsTabIcon-3x.png */ = {isa = PBXFileReference; lastKnownFileType = image.png; path = "SettingsTabIcon-3x.png"; sourceTree = "<group>"; };
		0633D52A260EF710004B50FB /* AlarmTabIcon-1x.png */ = {isa = PBXFileReference; lastKnownFileType = image.png; path = "AlarmTabIcon-1x.png"; sourceTree = "<group>"; };
		0633D52B260EF710004B50FB /* AlarmsTabIcon-3x.png */ = {isa = PBXFileReference; lastKnownFileType = image.png; path = "AlarmsTabIcon-3x.png"; sourceTree = "<group>"; };
		0633D52C260EF711004B50FB /* GroupsTabIcon-3x.png */ = {isa = PBXFileReference; lastKnownFileType = image.png; path = "GroupsTabIcon-3x.png"; sourceTree = "<group>"; };
		0633D52D260EF712004B50FB /* GroupsTabIcon-1x.png */ = {isa = PBXFileReference; lastKnownFileType = image.png; path = "GroupsTabIcon-1x.png"; sourceTree = "<group>"; };
		0633D52E260EF713004B50FB /* SettingsTabIcon-1x.png */ = {isa = PBXFileReference; lastKnownFileType = image.png; path = "SettingsTabIcon-1x.png"; sourceTree = "<group>"; };
		0633D52F260EF714004B50FB /* GroupsTabIcon-2x.png */ = {isa = PBXFileReference; lastKnownFileType = image.png; path = "GroupsTabIcon-2x.png"; sourceTree = "<group>"; };
		0633D530260EF714004B50FB /* AlarmsTabIcon-2x.png */ = {isa = PBXFileReference; lastKnownFileType = image.png; path = "AlarmsTabIcon-2x.png"; sourceTree = "<group>"; };
		0633D544260F0114004B50FB /* AddButton-1x.png */ = {isa = PBXFileReference; lastKnownFileType = image.png; path = "AddButton-1x.png"; sourceTree = "<group>"; };
		0633D545260F0115004B50FB /* AddButton-2x.png */ = {isa = PBXFileReference; lastKnownFileType = image.png; path = "AddButton-2x.png"; sourceTree = "<group>"; };
		0633D546260F0115004B50FB /* AddButton-3x.png */ = {isa = PBXFileReference; lastKnownFileType = image.png; path = "AddButton-3x.png"; sourceTree = "<group>"; };
		0659FAA42635677F0042DDE1 /* TealGradient.png */ = {isa = PBXFileReference; lastKnownFileType = image.png; path = TealGradient.png; sourceTree = "<group>"; };
		0659FAB3263615260042DDE1 /* icons8-alarm-50.png */ = {isa = PBXFileReference; lastKnownFileType = image.png; path = "icons8-alarm-50.png"; sourceTree = "<group>"; };
		0659FAB6263617A10042DDE1 /* icons8-swamp-100.png */ = {isa = PBXFileReference; lastKnownFileType = image.png; path = "icons8-swamp-100.png"; sourceTree = "<group>"; };
		0659FAB9263618BB0042DDE1 /* icons8-swamp-50.png */ = {isa = PBXFileReference; lastKnownFileType = image.png; path = "icons8-swamp-50.png"; sourceTree = "<group>"; };
		0659FABC26361A7C0042DDE1 /* icons8-iceberg-50.png */ = {isa = PBXFileReference; lastKnownFileType = image.png; path = "icons8-iceberg-50.png"; sourceTree = "<group>"; };
		0659FACD2636985A0042DDE1 /* beepboop_icon.png */ = {isa = PBXFileReference; lastKnownFileType = image.png; path = beepboop_icon.png; sourceTree = "<group>"; };
		0659FB062636AF920042DDE1 /* beepboop-icon-solidhead (1).png */ = {isa = PBXFileReference; lastKnownFileType = image.png; path = "beepboop-icon-solidhead (1).png"; sourceTree = "<group>"; };
		0659FB072636AF920042DDE1 /* beepboop-icon-solidbgbeepboop.png */ = {isa = PBXFileReference; lastKnownFileType = image.png; path = "beepboop-icon-solidbgbeepboop.png"; sourceTree = "<group>"; };
		0659FB082636AF930042DDE1 /* beepboop-icon-solidbg-diagonalbeepboop.png */ = {isa = PBXFileReference; lastKnownFileType = image.png; path = "beepboop-icon-solidbg-diagonalbeepboop.png"; sourceTree = "<group>"; };
		0659FB092636AF930042DDE1 /* beepboop-icon-pastelbeepboop.png */ = {isa = PBXFileReference; lastKnownFileType = image.png; path = "beepboop-icon-pastelbeepboop.png"; sourceTree = "<group>"; };
		0694565F261F984D00450AC8 /* AlarmCustom.swift */ = {isa = PBXFileReference; lastKnownFileType = sourcecode.swift; name = AlarmCustom.swift; path = beepboop/Controllers/AlarmCustom.swift; sourceTree = SOURCE_ROOT; };
		069456AA2622C10800450AC8 /* UserCustom.swift */ = {isa = PBXFileReference; lastKnownFileType = sourcecode.swift; path = UserCustom.swift; sourceTree = "<group>"; };
		069456AD2622D7DE00450AC8 /* VectormetadataButton.png */ = {isa = PBXFileReference; lastKnownFileType = image.png; path = VectormetadataButton.png; sourceTree = "<group>"; };
		069456B02622DB0800450AC8 /* FriendsViewController.swift */ = {isa = PBXFileReference; lastKnownFileType = sourcecode.swift; path = FriendsViewController.swift; sourceTree = "<group>"; };
		069456B32622DD7D00450AC8 /* FriendsTableViewCell.swift */ = {isa = PBXFileReference; lastKnownFileType = sourcecode.swift; path = FriendsTableViewCell.swift; sourceTree = "<group>"; };
		069456E02623B66B00450AC8 /* AddFriendsIcon.png */ = {isa = PBXFileReference; lastKnownFileType = image.png; path = AddFriendsIcon.png; sourceTree = "<group>"; };
		0694570D2624194100450AC8 /* ShareToFriendsViewController.swift */ = {isa = PBXFileReference; lastKnownFileType = sourcecode.swift; path = ShareToFriendsViewController.swift; sourceTree = "<group>"; };
		069457102624199F00450AC8 /* CreateAlarmViewController.swift */ = {isa = PBXFileReference; fileEncoding = 4; lastKnownFileType = sourcecode.swift; path = CreateAlarmViewController.swift; sourceTree = "<group>"; };
		0694571326241A7C00450AC8 /* ShareToFriendsTableViewCell.swift */ = {isa = PBXFileReference; lastKnownFileType = sourcecode.swift; path = ShareToFriendsTableViewCell.swift; sourceTree = "<group>"; };
		069C638C260F1FD500702623 /* SaveButton.png */ = {isa = PBXFileReference; lastKnownFileType = image.png; path = SaveButton.png; sourceTree = "<group>"; };
		87F6CE25CB0B8BC778D8B9BF /* Pods-beepboop.release.xcconfig */ = {isa = PBXFileReference; includeInIndex = 1; lastKnownFileType = text.xcconfig; name = "Pods-beepboop.release.xcconfig"; path = "Target Support Files/Pods-beepboop/Pods-beepboop.release.xcconfig"; sourceTree = "<group>"; };
		9A2935D526362B5500866B06 /* NavBarGradient.png */ = {isa = PBXFileReference; lastKnownFileType = image.png; path = NavBarGradient.png; sourceTree = "<group>"; };
		9A29A04A2623DFBE000A5275 /* AddFriendButton.png */ = {isa = PBXFileReference; lastKnownFileType = image.png; path = AddFriendButton.png; sourceTree = "<group>"; };
		9A29A04D2623E6DD000A5275 /* AddFriendsViewController.swift */ = {isa = PBXFileReference; fileEncoding = 4; lastKnownFileType = sourcecode.swift; path = AddFriendsViewController.swift; sourceTree = "<group>"; };
		9A53F81C2602DB7A00D4711A /* beepboop.app */ = {isa = PBXFileReference; explicitFileType = wrapper.application; includeInIndex = 0; path = beepboop.app; sourceTree = BUILT_PRODUCTS_DIR; };
		9A53F81F2602DB7A00D4711A /* AppDelegate.swift */ = {isa = PBXFileReference; lastKnownFileType = sourcecode.swift; path = AppDelegate.swift; sourceTree = "<group>"; };
		9A53F8212602DB7A00D4711A /* SceneDelegate.swift */ = {isa = PBXFileReference; lastKnownFileType = sourcecode.swift; path = SceneDelegate.swift; sourceTree = "<group>"; };
		9A53F8232602DB7A00D4711A /* HomeViewController.swift */ = {isa = PBXFileReference; lastKnownFileType = sourcecode.swift; path = HomeViewController.swift; sourceTree = "<group>"; };
		9A53F8262602DB7A00D4711A /* Base */ = {isa = PBXFileReference; lastKnownFileType = file.storyboard; name = Base; path = Base.lproj/Main.storyboard; sourceTree = "<group>"; };
		9A53F8292602DB7A00D4711A /* beepboop.xcdatamodel */ = {isa = PBXFileReference; lastKnownFileType = wrapper.xcdatamodel; path = beepboop.xcdatamodel; sourceTree = "<group>"; };
		9A53F82B2602DB7C00D4711A /* Assets.xcassets */ = {isa = PBXFileReference; lastKnownFileType = folder.assetcatalog; path = Assets.xcassets; sourceTree = "<group>"; };
		9A53F82E2602DB7C00D4711A /* Base */ = {isa = PBXFileReference; lastKnownFileType = file.storyboard; name = Base; path = Base.lproj/LaunchScreen.storyboard; sourceTree = "<group>"; };
		9A53F8302602DB7C00D4711A /* Info.plist */ = {isa = PBXFileReference; lastKnownFileType = text.plist.xml; path = Info.plist; sourceTree = "<group>"; };
		9A6F19BB260A7E77005D4E21 /* GoogleService-Info.plist */ = {isa = PBXFileReference; fileEncoding = 4; lastKnownFileType = text.plist.xml; path = "GoogleService-Info.plist"; sourceTree = "<group>"; };
		9A7F3C0D260A9DF600EEFE41 /* LoginViewController.swift */ = {isa = PBXFileReference; lastKnownFileType = sourcecode.swift; path = LoginViewController.swift; sourceTree = "<group>"; };
		9A7F3C11260AA21A00EEFE41 /* SignUpViewController.swift */ = {isa = PBXFileReference; lastKnownFileType = sourcecode.swift; path = SignUpViewController.swift; sourceTree = "<group>"; };
		9A8AE647260C5E4400181515 /* BeepBoopTitle.png */ = {isa = PBXFileReference; lastKnownFileType = image.png; path = BeepBoopTitle.png; sourceTree = "<group>"; };
		9A8AE648260C5E4400181515 /* LoadingScreenRobot.png */ = {isa = PBXFileReference; lastKnownFileType = image.png; path = LoadingScreenRobot.png; sourceTree = "<group>"; };
		9A8AE652260C649200181515 /* LoginButton.png */ = {isa = PBXFileReference; lastKnownFileType = image.png; path = LoginButton.png; sourceTree = "<group>"; };
		9A8AE655260C660600181515 /* SignUpButton.png */ = {isa = PBXFileReference; lastKnownFileType = image.png; path = SignUpButton.png; sourceTree = "<group>"; };
		9AC2E476263616A7008ECAA7 /* GroupTableViewCell.swift */ = {isa = PBXFileReference; lastKnownFileType = sourcecode.swift; path = GroupTableViewCell.swift; sourceTree = "<group>"; };
		9AC2E47926361813008ECAA7 /* GroupCustom.swift */ = {isa = PBXFileReference; lastKnownFileType = sourcecode.swift; path = GroupCustom.swift; sourceTree = "<group>"; };
		9ADC0E10260E8D80009AD333 /* NavBarBackground.png */ = {isa = PBXFileReference; lastKnownFileType = image.png; path = NavBarBackground.png; sourceTree = "<group>"; };
		9AE40D3B2624E89900DB47FB /* SendButton.png */ = {isa = PBXFileReference; lastKnownFileType = image.png; path = SendButton.png; sourceTree = "<group>"; };
		9D052F14A3B950A3364393A7 /* Pods-beepboop.debug.xcconfig */ = {isa = PBXFileReference; includeInIndex = 1; lastKnownFileType = text.xcconfig; name = "Pods-beepboop.debug.xcconfig"; path = "Target Support Files/Pods-beepboop/Pods-beepboop.debug.xcconfig"; sourceTree = "<group>"; };
		C651D31FBEFBA4A52DF8FD1F /* Pods_beepboop.framework */ = {isa = PBXFileReference; explicitFileType = wrapper.framework; includeInIndex = 0; path = Pods_beepboop.framework; sourceTree = BUILT_PRODUCTS_DIR; };
		E8BC5F1B2626672900AE496D /* ResponsesTableViewCell.swift */ = {isa = PBXFileReference; lastKnownFileType = sourcecode.swift; path = ResponsesTableViewCell.swift; sourceTree = "<group>"; };
		E8E4A43C26256D7500CE4426 /* AlarmMetadataViewController.swift */ = {isa = PBXFileReference; lastKnownFileType = sourcecode.swift; path = AlarmMetadataViewController.swift; sourceTree = "<group>"; };
/* End PBXFileReference section */

/* Begin PBXFrameworksBuildPhase section */
		9A53F8192602DB7A00D4711A /* Frameworks */ = {
			isa = PBXFrameworksBuildPhase;
			buildActionMask = 2147483647;
			files = (
				264B12B050DDA7D4F85FAF9C /* Pods_beepboop.framework in Frameworks */,
			);
			runOnlyForDeploymentPostprocessing = 0;
		};
/* End PBXFrameworksBuildPhase section */

/* Begin PBXGroup section */
		063208FD2612E3E300C22C0A /* Models */ = {
			isa = PBXGroup;
			children = (
				0694565F261F984D00450AC8 /* AlarmCustom.swift */,
				069456AA2622C10800450AC8 /* UserCustom.swift */,
				9AC2E47926361813008ECAA7 /* GroupCustom.swift */,
			);
			path = Models;
			sourceTree = "<group>";
		};
		0633D4B8260DA464004B50FB /* CustomFont */ = {
			isa = PBXGroup;
			children = (
				0633D4F6260ED932004B50FB /* JosefinSans-Bold.ttf */,
				0633D4F8260ED933004B50FB /* JosefinSans-BoldItalic.ttf */,
				0633D4FD260ED935004B50FB /* JosefinSans-ExtraLight.ttf */,
				0633D4FF260ED936004B50FB /* JosefinSans-ExtraLightItalic.ttf */,
				0633D4F5260ED932004B50FB /* JosefinSans-Italic.ttf */,
				0633D4FA260ED934004B50FB /* JosefinSans-Light.ttf */,
				0633D4F3260ED931004B50FB /* JosefinSans-LightItalic.ttf */,
				0633D4F9260ED933004B50FB /* JosefinSans-Medium.ttf */,
				0633D4FC260ED934004B50FB /* JosefinSans-MediumItalic.ttf */,
				0633D4FE260ED935004B50FB /* JosefinSans-Regular.ttf */,
				0633D4F7260ED932004B50FB /* JosefinSans-SemiBold.ttf */,
				0633D4F4260ED931004B50FB /* JosefinSans-SemiBoldItalic.ttf */,
				0633D4F2260ED931004B50FB /* JosefinSans-Thin.ttf */,
				0633D4FB260ED934004B50FB /* JosefinSans-ThinItalic.ttf */,
				0633D4BB260DB4B0004B50FB /* JosefinSans-Italic-VariableFont_wght.ttf */,
				0633D4BA260DB4AE004B50FB /* JosefinSans-VariableFont_wght.ttf */,
				0633D4B5260DA2A8004B50FB /* CustomFont-JosefinSansLight.ttf */,
			);
			path = CustomFont;
			sourceTree = "<group>";
		};
		33B4360B4523014955A534B0 /* Frameworks */ = {
			isa = PBXGroup;
			children = (
				C651D31FBEFBA4A52DF8FD1F /* Pods_beepboop.framework */,
			);
			name = Frameworks;
			sourceTree = "<group>";
		};
		8EDABEF1A38E01CDB2713B75 /* Pods */ = {
			isa = PBXGroup;
			children = (
				9D052F14A3B950A3364393A7 /* Pods-beepboop.debug.xcconfig */,
				87F6CE25CB0B8BC778D8B9BF /* Pods-beepboop.release.xcconfig */,
			);
			path = Pods;
			sourceTree = "<group>";
		};
		9A15A0C5263626B500DB62B7 /* Recovered References */ = {
			isa = PBXGroup;
			children = (
				0659FAA42635677F0042DDE1 /* TealGradient.png */,
			);
			name = "Recovered References";
			sourceTree = "<group>";
		};
		9A53F8132602DB7A00D4711A = {
			isa = PBXGroup;
			children = (
				9A53F81E2602DB7A00D4711A /* beepboop */,
				9A53F81D2602DB7A00D4711A /* Products */,
				33B4360B4523014955A534B0 /* Frameworks */,
				8EDABEF1A38E01CDB2713B75 /* Pods */,
				9A15A0C5263626B500DB62B7 /* Recovered References */,
			);
			sourceTree = "<group>";
		};
		9A53F81D2602DB7A00D4711A /* Products */ = {
			isa = PBXGroup;
			children = (
				9A53F81C2602DB7A00D4711A /* beepboop.app */,
			);
			name = Products;
			sourceTree = "<group>";
		};
		9A53F81E2602DB7A00D4711A /* beepboop */ = {
			isa = PBXGroup;
			children = (
				063208FD2612E3E300C22C0A /* Models */,
				0633D4B8260DA464004B50FB /* CustomFont */,
				9A8AE64C260C5E5F00181515 /* Controllers */,
				9A8AE646260C5E1800181515 /* Resources */,
				9A8AE64D260C5E8800181515 /* Views */,
				9A8AE64F260C5EFE00181515 /* SupportingFiles */,
				9A53F81F2602DB7A00D4711A /* AppDelegate.swift */,
				063208BD2612393400C22C0A /* ScheduleAlarmDelegate.swift */,
				063208C026123A8F00C22C0A /* ScheduleAlarm.swift */,
				9A53F8212602DB7A00D4711A /* SceneDelegate.swift */,
				9A53F8282602DB7A00D4711A /* beepboop.xcdatamodeld */,
			);
			path = beepboop;
			sourceTree = "<group>";
		};
		9A8AE646260C5E1800181515 /* Resources */ = {
			isa = PBXGroup;
			children = (
				9A53F82B2602DB7C00D4711A /* Assets.xcassets */,
				9A8AE64E260C5ED000181515 /* Images */,
			);
			path = Resources;
			sourceTree = "<group>";
		};
		9A8AE64C260C5E5F00181515 /* Controllers */ = {
			isa = PBXGroup;
			children = (
				0694570D2624194100450AC8 /* ShareToFriendsViewController.swift */,
				E8E4A43C26256D7500CE4426 /* AlarmMetadataViewController.swift */,
				069457102624199F00450AC8 /* CreateAlarmViewController.swift */,
				9A29A04D2623E6DD000A5275 /* AddFriendsViewController.swift */,
				0633D49D260D902C004B50FB /* GroupViewController.swift */,
				9A7F3C0D260A9DF600EEFE41 /* LoginViewController.swift */,
				9A7F3C11260AA21A00EEFE41 /* SignUpViewController.swift */,
				9A53F8232602DB7A00D4711A /* HomeViewController.swift */,
				0633D4A2260D9088004B50FB /* ProfileViewController.swift */,
				0040915D2624BE9A0098875B /* NotificationsViewController.swift */,
				069456B02622DB0800450AC8 /* FriendsViewController.swift */,
			);
			path = Controllers;
			sourceTree = "<group>";
		};
		9A8AE64D260C5E8800181515 /* Views */ = {
			isa = PBXGroup;
			children = (
				0633D4DF260E7F7B004B50FB /* AlarmTableViewCell.swift */,
				E8BC5F1B2626672900AE496D /* ResponsesTableViewCell.swift */,
				069456B32622DD7D00450AC8 /* FriendsTableViewCell.swift */,
				9A53F8252602DB7A00D4711A /* Main.storyboard */,
				0694571326241A7C00450AC8 /* ShareToFriendsTableViewCell.swift */,
				9A53F82D2602DB7C00D4711A /* LaunchScreen.storyboard */,
				004091602624C2130098875B /* AlarmRequestTableViewCell.swift */,
				0040916B2624F1840098875B /* FriendUpdateTableViewCell.swift */,
				0040918E262513E70098875B /* AlarmRequestUpdateTableViewCell.swift */,
				004091632624C3080098875B /* FriendRequestTableViewCell.swift */,
				004091662624C31C0098875B /* AlarmUpdateTableViewCell.swift */,
				9AC2E476263616A7008ECAA7 /* GroupTableViewCell.swift */,
			);
			path = Views;
			sourceTree = "<group>";
		};
		9A8AE64E260C5ED000181515 /* Images */ = {
			isa = PBXGroup;
			children = (
				9A2935D526362B5500866B06 /* NavBarGradient.png */,
				9AE40D3B2624E89900DB47FB /* SendButton.png */,
				9A29A04A2623DFBE000A5275 /* AddFriendButton.png */,
				069456E02623B66B00450AC8 /* AddFriendsIcon.png */,
				069456AD2622D7DE00450AC8 /* VectormetadataButton.png */,
				0633D530260EF714004B50FB /* AlarmsTabIcon-2x.png */,
				069C638C260F1FD500702623 /* SaveButton.png */,
				0633D544260F0114004B50FB /* AddButton-1x.png */,
				0633D545260F0115004B50FB /* AddButton-2x.png */,
				0633D546260F0115004B50FB /* AddButton-3x.png */,
				0633D52B260EF710004B50FB /* AlarmsTabIcon-3x.png */,
				0633D52A260EF710004B50FB /* AlarmTabIcon-1x.png */,
				0659FB092636AF930042DDE1 /* beepboop-icon-pastelbeepboop.png */,
				0659FB082636AF930042DDE1 /* beepboop-icon-solidbg-diagonalbeepboop.png */,
				0659FB072636AF920042DDE1 /* beepboop-icon-solidbgbeepboop.png */,
				0659FB062636AF920042DDE1 /* beepboop-icon-solidhead (1).png */,
				0633D52D260EF712004B50FB /* GroupsTabIcon-1x.png */,
				0633D52F260EF714004B50FB /* GroupsTabIcon-2x.png */,
				0659FAB3263615260042DDE1 /* icons8-alarm-50.png */,
				0633D52C260EF711004B50FB /* GroupsTabIcon-3x.png */,
				0659FAB9263618BB0042DDE1 /* icons8-swamp-50.png */,
				0633D52E260EF713004B50FB /* SettingsTabIcon-1x.png */,
				0659FABC26361A7C0042DDE1 /* icons8-iceberg-50.png */,
				0659FAB6263617A10042DDE1 /* icons8-swamp-100.png */,
				0633D528260EF70F004B50FB /* SettingsTabIcon-2x.png */,
				0633D529260EF70F004B50FB /* SettingsTabIcon-3x.png */,
				9ADC0E10260E8D80009AD333 /* NavBarBackground.png */,
				0633D4D7260E7864004B50FB /* EventPic.png */,
				0633D4AE260D9E37004B50FB /* NotificationAlert.png */,
				0633D4A8260D961F004B50FB /* HomeTabIcon.png */,
				0633D4A5260D9612004B50FB /* ProfileTabIcon.png */,
				0659FACD2636985A0042DDE1 /* beepboop_icon.png */,
				9A8AE655260C660600181515 /* SignUpButton.png */,
				9A8AE652260C649200181515 /* LoginButton.png */,
				9A8AE647260C5E4400181515 /* BeepBoopTitle.png */,
				9A8AE648260C5E4400181515 /* LoadingScreenRobot.png */,
			);
			path = Images;
			sourceTree = "<group>";
		};
		9A8AE64F260C5EFE00181515 /* SupportingFiles */ = {
			isa = PBXGroup;
			children = (
				9A53F8302602DB7C00D4711A /* Info.plist */,
				9A6F19BB260A7E77005D4E21 /* GoogleService-Info.plist */,
			);
			path = SupportingFiles;
			sourceTree = "<group>";
		};
/* End PBXGroup section */

/* Begin PBXNativeTarget section */
		9A53F81B2602DB7A00D4711A /* beepboop */ = {
			isa = PBXNativeTarget;
			buildConfigurationList = 9A53F8332602DB7C00D4711A /* Build configuration list for PBXNativeTarget "beepboop" */;
			buildPhases = (
				65B92B9E916AFD04A4E5D0B7 /* [CP] Check Pods Manifest.lock */,
				9A53F8182602DB7A00D4711A /* Sources */,
				9A53F8192602DB7A00D4711A /* Frameworks */,
				9A53F81A2602DB7A00D4711A /* Resources */,
				2C9DC740A00A071137678349 /* [CP] Embed Pods Frameworks */,
				E8B1BBACF10F0484D334641A /* [CP] Copy Pods Resources */,
			);
			buildRules = (
			);
			dependencies = (
			);
			name = beepboop;
			productName = beepboop;
			productReference = 9A53F81C2602DB7A00D4711A /* beepboop.app */;
			productType = "com.apple.product-type.application";
		};
/* End PBXNativeTarget section */

/* Begin PBXProject section */
		9A53F8142602DB7A00D4711A /* Project object */ = {
			isa = PBXProject;
			attributes = {
				LastSwiftUpdateCheck = 1240;
				LastUpgradeCheck = 1240;
				TargetAttributes = {
					9A53F81B2602DB7A00D4711A = {
						CreatedOnToolsVersion = 12.4;
					};
				};
			};
			buildConfigurationList = 9A53F8172602DB7A00D4711A /* Build configuration list for PBXProject "beepboop" */;
			compatibilityVersion = "Xcode 9.3";
			developmentRegion = en;
			hasScannedForEncodings = 0;
			knownRegions = (
				en,
				Base,
			);
			mainGroup = 9A53F8132602DB7A00D4711A;
			productRefGroup = 9A53F81D2602DB7A00D4711A /* Products */;
			projectDirPath = "";
			projectRoot = "";
			targets = (
				9A53F81B2602DB7A00D4711A /* beepboop */,
			);
		};
/* End PBXProject section */

/* Begin PBXResourcesBuildPhase section */
		9A53F81A2602DB7A00D4711A /* Resources */ = {
			isa = PBXResourcesBuildPhase;
			buildActionMask = 2147483647;
			files = (
				9A53F82F2602DB7C00D4711A /* LaunchScreen.storyboard in Resources */,
				9AE40D3C2624E89900DB47FB /* SendButton.png in Resources */,
				0633D538260EF715004B50FB /* GroupsTabIcon-2x.png in Resources */,
				0633D547260F0115004B50FB /* AddButton-1x.png in Resources */,
				0659FB0C2636AF930042DDE1 /* beepboop-icon-solidbg-diagonalbeepboop.png in Resources */,
				0633D534260EF715004B50FB /* AlarmsTabIcon-3x.png in Resources */,
				0633D549260F0115004B50FB /* AddButton-3x.png in Resources */,
				0633D506260ED9E2004B50FB /* JosefinSans-Bold.ttf in Resources */,
				0633D50E260ED9EB004B50FB /* JosefinSans-Italic.ttf in Resources */,
				9A29A04B2623DFBE000A5275 /* AddFriendButton.png in Resources */,
				9A8AE653260C649200181515 /* LoginButton.png in Resources */,
				9A8AE649260C5E4400181515 /* BeepBoopTitle.png in Resources */,
				0633D548260F0115004B50FB /* AddButton-2x.png in Resources */,
				0633D537260EF715004B50FB /* SettingsTabIcon-1x.png in Resources */,
				0633D4A6260D9612004B50FB /* ProfileTabIcon.png in Resources */,
				0633D4AF260D9E37004B50FB /* NotificationAlert.png in Resources */,
				9A53F82C2602DB7C00D4711A /* Assets.xcassets in Resources */,
				0659FB0D2636AF930042DDE1 /* beepboop-icon-pastelbeepboop.png in Resources */,
				0633D4C0260E6752004B50FB /* JosefinSans-Italic-VariableFont_wght.ttf in Resources */,
				069456E12623B67000450AC8 /* AddFriendsIcon.png in Resources */,
				0633D512260ED9F2004B50FB /* JosefinSans-MediumItalic.ttf in Resources */,
				0633D50A260ED9E6004B50FB /* JosefinSans-ExtraLight.ttf in Resources */,
				9ADC0E11260E8D80009AD333 /* NavBarBackground.png in Resources */,
				0659FAB4263615260042DDE1 /* icons8-alarm-50.png in Resources */,
				0633D4BE260E674D004B50FB /* JosefinSans-VariableFont_wght.ttf in Resources */,
				0659FAB7263617A10042DDE1 /* icons8-swamp-100.png in Resources */,
				069456AE2622D7DE00450AC8 /* VectormetadataButton.png in Resources */,
				0633D500260ED9CA004B50FB /* JosefinSans-Light.ttf in Resources */,
				0633D4AA260D9622004B50FB /* HomeTabIcon.png in Resources */,
				0633D50C260ED9E9004B50FB /* JosefinSans-ExtraLightItalic.ttf in Resources */,
				0659FABA263618BC0042DDE1 /* icons8-swamp-50.png in Resources */,
				0659FB0B2636AF930042DDE1 /* beepboop-icon-solidbgbeepboop.png in Resources */,
				0659FACE2636985A0042DDE1 /* beepboop_icon.png in Resources */,
				9A2935D626362B5500866B06 /* NavBarGradient.png in Resources */,
				0633D510260ED9F0004B50FB /* JosefinSans-Medium.ttf in Resources */,
				0633D502260ED9CF004B50FB /* JosefinSans-Regular.ttf in Resources */,
				0633D508260ED9E4004B50FB /* JosefinSans-BoldItalic.ttf in Resources */,
				9A53F8272602DB7A00D4711A /* Main.storyboard in Resources */,
				0633D531260EF714004B50FB /* SettingsTabIcon-2x.png in Resources */,
				9A8AE656260C660600181515 /* SignUpButton.png in Resources */,
				0633D504260ED9DE004B50FB /* JosefinSans-LightItalic.ttf in Resources */,
				0659FB0A2636AF930042DDE1 /* beepboop-icon-solidhead (1).png in Resources */,
				0633D536260EF715004B50FB /* GroupsTabIcon-1x.png in Resources */,
				0633D532260EF715004B50FB /* SettingsTabIcon-3x.png in Resources */,
				0633D4D8260E7864004B50FB /* EventPic.png in Resources */,
				069C638D260F1FD500702623 /* SaveButton.png in Resources */,
				0659FABD26361A7C0042DDE1 /* icons8-iceberg-50.png in Resources */,
				0633D539260EF715004B50FB /* AlarmsTabIcon-2x.png in Resources */,
				0633D4B6260DA2CB004B50FB /* CustomFont-JosefinSansLight.ttf in Resources */,
				9A6F19BC260A7E77005D4E21 /* GoogleService-Info.plist in Resources */,
				9A8AE64A260C5E4400181515 /* LoadingScreenRobot.png in Resources */,
				0633D533260EF715004B50FB /* AlarmTabIcon-1x.png in Resources */,
				0633D535260EF715004B50FB /* GroupsTabIcon-3x.png in Resources */,
			);
			runOnlyForDeploymentPostprocessing = 0;
		};
/* End PBXResourcesBuildPhase section */

/* Begin PBXShellScriptBuildPhase section */
		2C9DC740A00A071137678349 /* [CP] Embed Pods Frameworks */ = {
			isa = PBXShellScriptBuildPhase;
			buildActionMask = 2147483647;
			files = (
			);
			inputFileListPaths = (
				"${PODS_ROOT}/Target Support Files/Pods-beepboop/Pods-beepboop-frameworks-${CONFIGURATION}-input-files.xcfilelist",
			);
			name = "[CP] Embed Pods Frameworks";
			outputFileListPaths = (
				"${PODS_ROOT}/Target Support Files/Pods-beepboop/Pods-beepboop-frameworks-${CONFIGURATION}-output-files.xcfilelist",
			);
			runOnlyForDeploymentPostprocessing = 0;
			shellPath = /bin/sh;
			shellScript = "\"${PODS_ROOT}/Target Support Files/Pods-beepboop/Pods-beepboop-frameworks.sh\"\n";
			showEnvVarsInLog = 0;
		};
		65B92B9E916AFD04A4E5D0B7 /* [CP] Check Pods Manifest.lock */ = {
			isa = PBXShellScriptBuildPhase;
			buildActionMask = 2147483647;
			files = (
			);
			inputFileListPaths = (
			);
			inputPaths = (
				"${PODS_PODFILE_DIR_PATH}/Podfile.lock",
				"${PODS_ROOT}/Manifest.lock",
			);
			name = "[CP] Check Pods Manifest.lock";
			outputFileListPaths = (
			);
			outputPaths = (
				"$(DERIVED_FILE_DIR)/Pods-beepboop-checkManifestLockResult.txt",
			);
			runOnlyForDeploymentPostprocessing = 0;
			shellPath = /bin/sh;
			shellScript = "diff \"${PODS_PODFILE_DIR_PATH}/Podfile.lock\" \"${PODS_ROOT}/Manifest.lock\" > /dev/null\nif [ $? != 0 ] ; then\n    # print error to STDERR\n    echo \"error: The sandbox is not in sync with the Podfile.lock. Run 'pod install' or update your CocoaPods installation.\" >&2\n    exit 1\nfi\n# This output is used by Xcode 'outputs' to avoid re-running this script phase.\necho \"SUCCESS\" > \"${SCRIPT_OUTPUT_FILE_0}\"\n";
			showEnvVarsInLog = 0;
		};
		E8B1BBACF10F0484D334641A /* [CP] Copy Pods Resources */ = {
			isa = PBXShellScriptBuildPhase;
			buildActionMask = 2147483647;
			files = (
			);
			inputFileListPaths = (
				"${PODS_ROOT}/Target Support Files/Pods-beepboop/Pods-beepboop-resources-${CONFIGURATION}-input-files.xcfilelist",
			);
			name = "[CP] Copy Pods Resources";
			outputFileListPaths = (
				"${PODS_ROOT}/Target Support Files/Pods-beepboop/Pods-beepboop-resources-${CONFIGURATION}-output-files.xcfilelist",
			);
			runOnlyForDeploymentPostprocessing = 0;
			shellPath = /bin/sh;
			shellScript = "\"${PODS_ROOT}/Target Support Files/Pods-beepboop/Pods-beepboop-resources.sh\"\n";
			showEnvVarsInLog = 0;
		};
/* End PBXShellScriptBuildPhase section */

/* Begin PBXSourcesBuildPhase section */
		9A53F8182602DB7A00D4711A /* Sources */ = {
			isa = PBXSourcesBuildPhase;
			buildActionMask = 2147483647;
			files = (
				9A7F3C12260AA21A00EEFE41 /* SignUpViewController.swift in Sources */,
				069456B12622DB0800450AC8 /* FriendsViewController.swift in Sources */,
				9A53F8242602DB7A00D4711A /* HomeViewController.swift in Sources */,
				069456B42622DD7D00450AC8 /* FriendsTableViewCell.swift in Sources */,
				06945660261F984D00450AC8 /* AlarmCustom.swift in Sources */,
				9A53F82A2602DB7A00D4711A /* beepboop.xcdatamodeld in Sources */,
				069457112624199F00450AC8 /* CreateAlarmViewController.swift in Sources */,
				9AC2E477263616A7008ECAA7 /* GroupTableViewCell.swift in Sources */,
				E8E4A43D26256D7500CE4426 /* AlarmMetadataViewController.swift in Sources */,
				9A53F8202602DB7A00D4711A /* AppDelegate.swift in Sources */,
				0040918F262513E70098875B /* AlarmRequestUpdateTableViewCell.swift in Sources */,
				0040915E2624BE9A0098875B /* NotificationsViewController.swift in Sources */,
				0694570E2624194100450AC8 /* ShareToFriendsViewController.swift in Sources */,
				063208C126123A8F00C22C0A /* ScheduleAlarm.swift in Sources */,
				E8BC5F1C2626672900AE496D /* ResponsesTableViewCell.swift in Sources */,
				069456AB2622C10800450AC8 /* UserCustom.swift in Sources */,
				9A7F3C0E260A9DF600EEFE41 /* LoginViewController.swift in Sources */,
				004091672624C31C0098875B /* AlarmUpdateTableViewCell.swift in Sources */,
				9A29A04E2623E6DD000A5275 /* AddFriendsViewController.swift in Sources */,
				9A53F8222602DB7A00D4711A /* SceneDelegate.swift in Sources */,
				063208BE2612393400C22C0A /* ScheduleAlarmDelegate.swift in Sources */,
				0040916C2624F1840098875B /* FriendUpdateTableViewCell.swift in Sources */,
				0633D4A3260D9088004B50FB /* ProfileViewController.swift in Sources */,
				0694571426241A7C00450AC8 /* ShareToFriendsTableViewCell.swift in Sources */,
				0633D49E260D902C004B50FB /* GroupViewController.swift in Sources */,
				0633D4E0260E7F7B004B50FB /* AlarmTableViewCell.swift in Sources */,
				004091642624C3080098875B /* FriendRequestTableViewCell.swift in Sources */,
				9AC2E47A26361813008ECAA7 /* GroupCustom.swift in Sources */,
				004091612624C2130098875B /* AlarmRequestTableViewCell.swift in Sources */,
			);
			runOnlyForDeploymentPostprocessing = 0;
		};
/* End PBXSourcesBuildPhase section */

/* Begin PBXVariantGroup section */
		9A53F8252602DB7A00D4711A /* Main.storyboard */ = {
			isa = PBXVariantGroup;
			children = (
				9A53F8262602DB7A00D4711A /* Base */,
			);
			name = Main.storyboard;
			sourceTree = "<group>";
		};
		9A53F82D2602DB7C00D4711A /* LaunchScreen.storyboard */ = {
			isa = PBXVariantGroup;
			children = (
				9A53F82E2602DB7C00D4711A /* Base */,
			);
			name = LaunchScreen.storyboard;
			sourceTree = "<group>";
		};
/* End PBXVariantGroup section */

/* Begin XCBuildConfiguration section */
		9A53F8312602DB7C00D4711A /* Debug */ = {
			isa = XCBuildConfiguration;
			buildSettings = {
				ALWAYS_SEARCH_USER_PATHS = NO;
				CLANG_ANALYZER_NONNULL = YES;
				CLANG_ANALYZER_NUMBER_OBJECT_CONVERSION = YES_AGGRESSIVE;
				CLANG_CXX_LANGUAGE_STANDARD = "gnu++14";
				CLANG_CXX_LIBRARY = "libc++";
				CLANG_ENABLE_MODULES = YES;
				CLANG_ENABLE_OBJC_ARC = YES;
				CLANG_ENABLE_OBJC_WEAK = YES;
				CLANG_WARN_BLOCK_CAPTURE_AUTORELEASING = YES;
				CLANG_WARN_BOOL_CONVERSION = YES;
				CLANG_WARN_COMMA = YES;
				CLANG_WARN_CONSTANT_CONVERSION = YES;
				CLANG_WARN_DEPRECATED_OBJC_IMPLEMENTATIONS = YES;
				CLANG_WARN_DIRECT_OBJC_ISA_USAGE = YES_ERROR;
				CLANG_WARN_DOCUMENTATION_COMMENTS = YES;
				CLANG_WARN_EMPTY_BODY = YES;
				CLANG_WARN_ENUM_CONVERSION = YES;
				CLANG_WARN_INFINITE_RECURSION = YES;
				CLANG_WARN_INT_CONVERSION = YES;
				CLANG_WARN_NON_LITERAL_NULL_CONVERSION = YES;
				CLANG_WARN_OBJC_IMPLICIT_RETAIN_SELF = YES;
				CLANG_WARN_OBJC_LITERAL_CONVERSION = YES;
				CLANG_WARN_OBJC_ROOT_CLASS = YES_ERROR;
				CLANG_WARN_QUOTED_INCLUDE_IN_FRAMEWORK_HEADER = YES;
				CLANG_WARN_RANGE_LOOP_ANALYSIS = YES;
				CLANG_WARN_STRICT_PROTOTYPES = YES;
				CLANG_WARN_SUSPICIOUS_MOVE = YES;
				CLANG_WARN_UNGUARDED_AVAILABILITY = YES_AGGRESSIVE;
				CLANG_WARN_UNREACHABLE_CODE = YES;
				CLANG_WARN__DUPLICATE_METHOD_MATCH = YES;
				COPY_PHASE_STRIP = NO;
				DEBUG_INFORMATION_FORMAT = dwarf;
				ENABLE_STRICT_OBJC_MSGSEND = YES;
				ENABLE_TESTABILITY = YES;
				GCC_C_LANGUAGE_STANDARD = gnu11;
				GCC_DYNAMIC_NO_PIC = NO;
				GCC_NO_COMMON_BLOCKS = YES;
				GCC_OPTIMIZATION_LEVEL = 0;
				GCC_PREPROCESSOR_DEFINITIONS = (
					"DEBUG=1",
					"$(inherited)",
				);
				GCC_WARN_64_TO_32_BIT_CONVERSION = YES;
				GCC_WARN_ABOUT_RETURN_TYPE = YES_ERROR;
				GCC_WARN_UNDECLARED_SELECTOR = YES;
				GCC_WARN_UNINITIALIZED_AUTOS = YES_AGGRESSIVE;
				GCC_WARN_UNUSED_FUNCTION = YES;
				GCC_WARN_UNUSED_VARIABLE = YES;
				IPHONEOS_DEPLOYMENT_TARGET = 14.4;
				MTL_ENABLE_DEBUG_INFO = INCLUDE_SOURCE;
				MTL_FAST_MATH = YES;
				ONLY_ACTIVE_ARCH = YES;
				SDKROOT = iphoneos;
				SWIFT_ACTIVE_COMPILATION_CONDITIONS = DEBUG;
				SWIFT_OPTIMIZATION_LEVEL = "-Onone";
			};
			name = Debug;
		};
		9A53F8322602DB7C00D4711A /* Release */ = {
			isa = XCBuildConfiguration;
			buildSettings = {
				ALWAYS_SEARCH_USER_PATHS = NO;
				CLANG_ANALYZER_NONNULL = YES;
				CLANG_ANALYZER_NUMBER_OBJECT_CONVERSION = YES_AGGRESSIVE;
				CLANG_CXX_LANGUAGE_STANDARD = "gnu++14";
				CLANG_CXX_LIBRARY = "libc++";
				CLANG_ENABLE_MODULES = YES;
				CLANG_ENABLE_OBJC_ARC = YES;
				CLANG_ENABLE_OBJC_WEAK = YES;
				CLANG_WARN_BLOCK_CAPTURE_AUTORELEASING = YES;
				CLANG_WARN_BOOL_CONVERSION = YES;
				CLANG_WARN_COMMA = YES;
				CLANG_WARN_CONSTANT_CONVERSION = YES;
				CLANG_WARN_DEPRECATED_OBJC_IMPLEMENTATIONS = YES;
				CLANG_WARN_DIRECT_OBJC_ISA_USAGE = YES_ERROR;
				CLANG_WARN_DOCUMENTATION_COMMENTS = YES;
				CLANG_WARN_EMPTY_BODY = YES;
				CLANG_WARN_ENUM_CONVERSION = YES;
				CLANG_WARN_INFINITE_RECURSION = YES;
				CLANG_WARN_INT_CONVERSION = YES;
				CLANG_WARN_NON_LITERAL_NULL_CONVERSION = YES;
				CLANG_WARN_OBJC_IMPLICIT_RETAIN_SELF = YES;
				CLANG_WARN_OBJC_LITERAL_CONVERSION = YES;
				CLANG_WARN_OBJC_ROOT_CLASS = YES_ERROR;
				CLANG_WARN_QUOTED_INCLUDE_IN_FRAMEWORK_HEADER = YES;
				CLANG_WARN_RANGE_LOOP_ANALYSIS = YES;
				CLANG_WARN_STRICT_PROTOTYPES = YES;
				CLANG_WARN_SUSPICIOUS_MOVE = YES;
				CLANG_WARN_UNGUARDED_AVAILABILITY = YES_AGGRESSIVE;
				CLANG_WARN_UNREACHABLE_CODE = YES;
				CLANG_WARN__DUPLICATE_METHOD_MATCH = YES;
				COPY_PHASE_STRIP = NO;
				DEBUG_INFORMATION_FORMAT = "dwarf-with-dsym";
				ENABLE_NS_ASSERTIONS = NO;
				ENABLE_STRICT_OBJC_MSGSEND = YES;
				GCC_C_LANGUAGE_STANDARD = gnu11;
				GCC_NO_COMMON_BLOCKS = YES;
				GCC_WARN_64_TO_32_BIT_CONVERSION = YES;
				GCC_WARN_ABOUT_RETURN_TYPE = YES_ERROR;
				GCC_WARN_UNDECLARED_SELECTOR = YES;
				GCC_WARN_UNINITIALIZED_AUTOS = YES_AGGRESSIVE;
				GCC_WARN_UNUSED_FUNCTION = YES;
				GCC_WARN_UNUSED_VARIABLE = YES;
				IPHONEOS_DEPLOYMENT_TARGET = 14.4;
				MTL_ENABLE_DEBUG_INFO = NO;
				MTL_FAST_MATH = YES;
				SDKROOT = iphoneos;
				SWIFT_COMPILATION_MODE = wholemodule;
				SWIFT_OPTIMIZATION_LEVEL = "-O";
				VALIDATE_PRODUCT = YES;
			};
			name = Release;
		};
		9A53F8342602DB7C00D4711A /* Debug */ = {
			isa = XCBuildConfiguration;
			baseConfigurationReference = 9D052F14A3B950A3364393A7 /* Pods-beepboop.debug.xcconfig */;
			buildSettings = {
				ASSETCATALOG_COMPILER_APPICON_NAME = AppIcon;
				ASSETCATALOG_COMPILER_GLOBAL_ACCENT_COLOR_NAME = AccentColor;
				CODE_SIGN_STYLE = Automatic;
				DEVELOPMENT_TEAM = FUTTDQCH3J;
				INFOPLIST_FILE = beepboop/SupportingFiles/Info.plist;
				LD_RUNPATH_SEARCH_PATHS = (
					"$(inherited)",
					"@executable_path/Frameworks",
				);
				PRODUCT_BUNDLE_IDENTIFIER = cs371l.beepboop;
				PRODUCT_NAME = "$(TARGET_NAME)";
				SWIFT_VERSION = 5.0;
				TARGETED_DEVICE_FAMILY = "1,2";
			};
			name = Debug;
		};
		9A53F8352602DB7C00D4711A /* Release */ = {
			isa = XCBuildConfiguration;
			baseConfigurationReference = 87F6CE25CB0B8BC778D8B9BF /* Pods-beepboop.release.xcconfig */;
			buildSettings = {
				ASSETCATALOG_COMPILER_APPICON_NAME = AppIcon;
				ASSETCATALOG_COMPILER_GLOBAL_ACCENT_COLOR_NAME = AccentColor;
				CODE_SIGN_STYLE = Automatic;
				DEVELOPMENT_TEAM = FUTTDQCH3J;
				INFOPLIST_FILE = beepboop/SupportingFiles/Info.plist;
				LD_RUNPATH_SEARCH_PATHS = (
					"$(inherited)",
					"@executable_path/Frameworks",
				);
				PRODUCT_BUNDLE_IDENTIFIER = cs371l.beepboop;
				PRODUCT_NAME = "$(TARGET_NAME)";
				SWIFT_VERSION = 5.0;
				TARGETED_DEVICE_FAMILY = "1,2";
			};
			name = Release;
		};
/* End XCBuildConfiguration section */

/* Begin XCConfigurationList section */
		9A53F8172602DB7A00D4711A /* Build configuration list for PBXProject "beepboop" */ = {
			isa = XCConfigurationList;
			buildConfigurations = (
				9A53F8312602DB7C00D4711A /* Debug */,
				9A53F8322602DB7C00D4711A /* Release */,
			);
			defaultConfigurationIsVisible = 0;
			defaultConfigurationName = Release;
		};
		9A53F8332602DB7C00D4711A /* Build configuration list for PBXNativeTarget "beepboop" */ = {
			isa = XCConfigurationList;
			buildConfigurations = (
				9A53F8342602DB7C00D4711A /* Debug */,
				9A53F8352602DB7C00D4711A /* Release */,
			);
			defaultConfigurationIsVisible = 0;
			defaultConfigurationName = Release;
		};
/* End XCConfigurationList section */

/* Begin XCVersionGroup section */
		9A53F8282602DB7A00D4711A /* beepboop.xcdatamodeld */ = {
			isa = XCVersionGroup;
			children = (
				9A53F8292602DB7A00D4711A /* beepboop.xcdatamodel */,
			);
			currentVersion = 9A53F8292602DB7A00D4711A /* beepboop.xcdatamodel */;
			path = beepboop.xcdatamodeld;
			sourceTree = "<group>";
			versionGroupType = wrapper.xcdatamodel;
		};
/* End XCVersionGroup section */
	};
	rootObject = 9A53F8142602DB7A00D4711A /* Project object */;
}
